
Microsoft Visual Studio Solution File, Format Version 12.00
# Visual Studio Version 17
VisualStudioVersion = 17.3.32611.2
MinimumVisualStudioVersion = 10.0.40219.1
Project("{FAE04EC0-301F-11D3-BF4B-00C04F79EFBC}") = "TestingSaketSirTemplate", "TestingSaketSirTemplate\TestingSaketSirTemplate.csproj", "{90B6BC52-4B26-43D5-8EC5-DAE1BD7DCD05}"
EndProject
Global
	GlobalSection(SolutionConfigurationPlatforms) = preSolution
		Debug|Any CPU = Debug|Any CPU
		Release|Any CPU = Release|Any CPU
	EndGlobalSection
	GlobalSection(ProjectConfigurationPlatforms) = postSolution
		{90B6BC52-4B26-43D5-8EC5-DAE1BD7DCD05}.Debug|Any CPU.ActiveCfg = Debug|Any CPU
		{90B6BC52-4B26-43D5-8EC5-DAE1BD7DCD05}.Debug|Any CPU.Build.0 = Debug|Any CPU
		{90B6BC52-4B26-43D5-8EC5-DAE1BD7DCD05}.Release|Any CPU.ActiveCfg = Release|Any CPU
		{90B6BC52-4B26-43D5-8EC5-DAE1BD7DCD05}.Release|Any CPU.Build.0 = Release|Any CPU
	EndGlobalSection
	GlobalSection(SolutionProperties) = preSolution
		HideSolutionNode = FALSE
	EndGlobalSection
	GlobalSection(ExtensibilityGlobals) = postSolution
		SolutionGuid = {F57780E7-9F92-447A-ADB3-AEC820B35577}
	EndGlobalSection
EndGlobal
